
Microsoft Visual Studio Solution File, Format Version 12.00
# Visual Studio Version 17
VisualStudioVersion = 17.9.34728.123
MinimumVisualStudioVersion = 10.0.40219.1
Project("{FAE04EC0-301F-11D3-BF4B-00C04F79EFBC}") = "8", "8\8.csproj", "{35C8F71A-9F54-4BE6-8E2E-DA7C9DDCD4F1}"
EndProject
Global
	GlobalSection(SolutionConfigurationPlatforms) = preSolution
		Debug|Any CPU = Debug|Any CPU
		Release|Any CPU = Release|Any CPU
	EndGlobalSection
	GlobalSection(ProjectConfigurationPlatforms) = postSolution
		{35C8F71A-9F54-4BE6-8E2E-DA7C9DDCD4F1}.Debug|Any CPU.ActiveCfg = Debug|Any CPU
		{35C8F71A-9F54-4BE6-8E2E-DA7C9DDCD4F1}.Debug|Any CPU.Build.0 = Debug|Any CPU
		{35C8F71A-9F54-4BE6-8E2E-DA7C9DDCD4F1}.Release|Any CPU.ActiveCfg = Release|Any CPU
		{35C8F71A-9F54-4BE6-8E2E-DA7C9DDCD4F1}.Release|Any CPU.Build.0 = Release|Any CPU
	EndGlobalSection
	GlobalSection(SolutionProperties) = preSolution
		HideSolutionNode = FALSE
	EndGlobalSection
	GlobalSection(ExtensibilityGlobals) = postSolution
		SolutionGuid = {EF2A167C-FC22-4E3A-ABD6-DFFA1F636BC1}
	EndGlobalSection
EndGlobal
