
Microsoft Visual Studio Solution File, Format Version 12.00
# Visual Studio Version 17
VisualStudioVersion = 17.9.34728.123
MinimumVisualStudioVersion = 10.0.40219.1
Project("{FAE04EC0-301F-11D3-BF4B-00C04F79EFBC}") = "2", "2\2.csproj", "{C5F54C16-BFB8-41F6-866E-C9A338077524}"
EndProject
Global
	GlobalSection(SolutionConfigurationPlatforms) = preSolution
		Debug|Any CPU = Debug|Any CPU
		Release|Any CPU = Release|Any CPU
	EndGlobalSection
	GlobalSection(ProjectConfigurationPlatforms) = postSolution
		{C5F54C16-BFB8-41F6-866E-C9A338077524}.Debug|Any CPU.ActiveCfg = Debug|Any CPU
		{C5F54C16-BFB8-41F6-866E-C9A338077524}.Debug|Any CPU.Build.0 = Debug|Any CPU
		{C5F54C16-BFB8-41F6-866E-C9A338077524}.Release|Any CPU.ActiveCfg = Release|Any CPU
		{C5F54C16-BFB8-41F6-866E-C9A338077524}.Release|Any CPU.Build.0 = Release|Any CPU
	EndGlobalSection
	GlobalSection(SolutionProperties) = preSolution
		HideSolutionNode = FALSE
	EndGlobalSection
	GlobalSection(ExtensibilityGlobals) = postSolution
		SolutionGuid = {4EFF546F-1F86-41D5-8126-F1F700B41AB6}
	EndGlobalSection
EndGlobal
